<Solution>
  <Folder Name="/Solution Items/">
    <File Path=".env" />
    <File Path="docker-compose.yml" />
  </Folder>
  <Project Path="Backend.Tests/Backend.Tests.csproj" Id="11e5d314-bbcb-435d-a00e-497c1f8ef23b" />
  <Project Path="Backend/Backend.csproj" />
  <Project Path="Telegram/Telegram.csproj" />
</Solution>
